
Microsoft Visual Studio Solution File, Format Version 12.00
Project("{FAE04EC0-301F-11D3-BF4B-00C04F79EFBC}") = "Project-2", "Project-2\Project-2.csproj", "{EE0F182B-3451-4D31-80AC-ADBC2DE1A4DD}"
EndProject
Project("{FAE04EC0-301F-11D3-BF4B-00C04F79EFBC}") = "DataAccessLayer", "DataAccessLayer\DataAccessLayer.csproj", "{66B41F1E-A0A6-451F-AD46-B351FDA0EDF9}"
EndProject
Project("{FAE04EC0-301F-11D3-BF4B-00C04F79EFBC}") = "ProjectAPI", "ProjectAPI\ProjectAPI.csproj", "{2966E7C8-0267-4374-931A-5B843357BE74}"
EndProject
Global
	GlobalSection(SolutionConfigurationPlatforms) = preSolution
		Debug|Any CPU = Debug|Any CPU
		Release|Any CPU = Release|Any CPU
	EndGlobalSection
	GlobalSection(ProjectConfigurationPlatforms) = postSolution
		{EE0F182B-3451-4D31-80AC-ADBC2DE1A4DD}.Debug|Any CPU.ActiveCfg = Debug|Any CPU
		{EE0F182B-3451-4D31-80AC-ADBC2DE1A4DD}.Debug|Any CPU.Build.0 = Debug|Any CPU
		{EE0F182B-3451-4D31-80AC-ADBC2DE1A4DD}.Release|Any CPU.ActiveCfg = Release|Any CPU
		{EE0F182B-3451-4D31-80AC-ADBC2DE1A4DD}.Release|Any CPU.Build.0 = Release|Any CPU
		{66B41F1E-A0A6-451F-AD46-B351FDA0EDF9}.Debug|Any CPU.ActiveCfg = Debug|Any CPU
		{66B41F1E-A0A6-451F-AD46-B351FDA0EDF9}.Debug|Any CPU.Build.0 = Debug|Any CPU
		{66B41F1E-A0A6-451F-AD46-B351FDA0EDF9}.Release|Any CPU.ActiveCfg = Release|Any CPU
		{66B41F1E-A0A6-451F-AD46-B351FDA0EDF9}.Release|Any CPU.Build.0 = Release|Any CPU
		{2966E7C8-0267-4374-931A-5B843357BE74}.Debug|Any CPU.ActiveCfg = Debug|Any CPU
		{2966E7C8-0267-4374-931A-5B843357BE74}.Debug|Any CPU.Build.0 = Debug|Any CPU
		{2966E7C8-0267-4374-931A-5B843357BE74}.Release|Any CPU.ActiveCfg = Release|Any CPU
		{2966E7C8-0267-4374-931A-5B843357BE74}.Release|Any CPU.Build.0 = Release|Any CPU
	EndGlobalSection
EndGlobal
